
Microsoft Visual Studio Solution File, Format Version 12.00
# Visual Studio Version 17
VisualStudioVersion = 17.4.33205.214
MinimumVisualStudioVersion = 10.0.40219.1
Project("{9A19103F-16F7-4668-BE54-9A1E7A4F7556}") = "UsersPasswordStore", "UsersPasswordStore.csproj", "{773F8FAD-6953-42AF-B872-14DBEB4640CA}"
EndProject
Project("{9A19103F-16F7-4668-BE54-9A1E7A4F7556}") = "UsersPasswordStore.Api", "..\UsersPasswordStore.Api\UsersPasswordStore.Api.csproj", "{340F24D4-460E-4461-A09F-7C7D9177C039}"
EndProject
Project("{9A19103F-16F7-4668-BE54-9A1E7A4F7556}") = "UsersPasswordStore.Application", "..\UsersPasswordStore.Application\UsersPasswordStore.Application.csproj", "{0C5759FA-8B83-433E-8AF8-897316E28E5E}"
EndProject
Project("{9A19103F-16F7-4668-BE54-9A1E7A4F7556}") = "UsersPasswordStore.Domain", "..\UsersPasswordStore.Domain\UsersPasswordStore.Domain.csproj", "{A94E09A5-D242-4D5A-AFCD-5996E72D3165}"
EndProject
Project("{E53339B2-1760-4266-BCC7-CA923CBCF16C}") = "docker-compose", "docker-compose.dcproj", "{925EF5BF-8199-4127-882C-3E318B0B1246}"
EndProject
Global
	GlobalSection(SolutionConfigurationPlatforms) = preSolution
		Debug|Any CPU = Debug|Any CPU
		Release|Any CPU = Release|Any CPU
	EndGlobalSection
	GlobalSection(ProjectConfigurationPlatforms) = postSolution
		{773F8FAD-6953-42AF-B872-14DBEB4640CA}.Debug|Any CPU.ActiveCfg = Debug|Any CPU
		{773F8FAD-6953-42AF-B872-14DBEB4640CA}.Debug|Any CPU.Build.0 = Debug|Any CPU
		{773F8FAD-6953-42AF-B872-14DBEB4640CA}.Release|Any CPU.ActiveCfg = Release|Any CPU
		{773F8FAD-6953-42AF-B872-14DBEB4640CA}.Release|Any CPU.Build.0 = Release|Any CPU
		{340F24D4-460E-4461-A09F-7C7D9177C039}.Debug|Any CPU.ActiveCfg = Debug|Any CPU
		{340F24D4-460E-4461-A09F-7C7D9177C039}.Debug|Any CPU.Build.0 = Debug|Any CPU
		{340F24D4-460E-4461-A09F-7C7D9177C039}.Release|Any CPU.ActiveCfg = Release|Any CPU
		{340F24D4-460E-4461-A09F-7C7D9177C039}.Release|Any CPU.Build.0 = Release|Any CPU
		{0C5759FA-8B83-433E-8AF8-897316E28E5E}.Debug|Any CPU.ActiveCfg = Debug|Any CPU
		{0C5759FA-8B83-433E-8AF8-897316E28E5E}.Debug|Any CPU.Build.0 = Debug|Any CPU
		{0C5759FA-8B83-433E-8AF8-897316E28E5E}.Release|Any CPU.ActiveCfg = Release|Any CPU
		{0C5759FA-8B83-433E-8AF8-897316E28E5E}.Release|Any CPU.Build.0 = Release|Any CPU
		{A94E09A5-D242-4D5A-AFCD-5996E72D3165}.Debug|Any CPU.ActiveCfg = Debug|Any CPU
		{A94E09A5-D242-4D5A-AFCD-5996E72D3165}.Debug|Any CPU.Build.0 = Debug|Any CPU
		{A94E09A5-D242-4D5A-AFCD-5996E72D3165}.Release|Any CPU.ActiveCfg = Release|Any CPU
		{A94E09A5-D242-4D5A-AFCD-5996E72D3165}.Release|Any CPU.Build.0 = Release|Any CPU
		{925EF5BF-8199-4127-882C-3E318B0B1246}.Debug|Any CPU.ActiveCfg = Debug|Any CPU
		{925EF5BF-8199-4127-882C-3E318B0B1246}.Debug|Any CPU.Build.0 = Debug|Any CPU
		{925EF5BF-8199-4127-882C-3E318B0B1246}.Release|Any CPU.ActiveCfg = Release|Any CPU
		{925EF5BF-8199-4127-882C-3E318B0B1246}.Release|Any CPU.Build.0 = Release|Any CPU
	EndGlobalSection
	GlobalSection(SolutionProperties) = preSolution
		HideSolutionNode = FALSE
	EndGlobalSection
	GlobalSection(ExtensibilityGlobals) = postSolution
		SolutionGuid = {4119F69E-BA89-43E3-BFBB-1FF77BBE371E}
	EndGlobalSection
EndGlobal
